Microsoft Visual Studio Solution File, Format Version 12.00
# Visual Studio Version 17
VisualStudioVersion = 17.5.2.0
MinimumVisualStudioVersion = 10.0.40219.1
Project("{FAE04EC0-301F-11D3-BF4B-00C04F79EFBC}") = "aes", "aes.csproj", "{167ECAFD-F180-3579-983B-93F58FA737ED}"
EndProject
Global
	GlobalSection(SolutionConfigurationPlatforms) = preSolution
		Debug|Any CPU = Debug|Any CPU
		Release|Any CPU = Release|Any CPU
	EndGlobalSection
	GlobalSection(ProjectConfigurationPlatforms) = postSolution
		{167ECAFD-F180-3579-983B-93F58FA737ED}.Debug|Any CPU.ActiveCfg = Debug|Any CPU
		{167ECAFD-F180-3579-983B-93F58FA737ED}.Debug|Any CPU.Build.0 = Debug|Any CPU
		{167ECAFD-F180-3579-983B-93F58FA737ED}.Release|Any CPU.ActiveCfg = Release|Any CPU
		{167ECAFD-F180-3579-983B-93F58FA737ED}.Release|Any CPU.Build.0 = Release|Any CPU
	EndGlobalSection
	GlobalSection(SolutionProperties) = preSolution
		HideSolutionNode = FALSE
	EndGlobalSection
	GlobalSection(ExtensibilityGlobals) = postSolution
		SolutionGuid = {AC9ACF11-7F09-430D-A5DB-1306086260CD}
	EndGlobalSection
EndGlobal
